{
    "_readme": [
        "This file locks the dependencies of your project to a known state",
        "Read more about it at https://getcomposer.org/doc/01-basic-usage.md#installing-dependencies",
        "This file is @generated automatically"
    ],
    "content-hash": "8e459576c73755c8423566f63d8135ee",
    "packages": [
        {
            "name": "psr/container",
            "version": "2.0.2",
            "source": {
                "type": "git",
                "url": "https://github.com/php-fig/container.git",
                "reference": "c71ecc56dfe541dbd90c5360474fbc405f8d5963"
            },
            "dist": {
                "type": "zip",
                "url": "https://api.github.com/repos/php-fig/container/zipball/c71ecc56dfe541dbd90c5360474fbc405f8d5963",
                "reference": "c71ecc56dfe541dbd90c5360474fbc405f8d5963",
                "shasum": ""
            },
            "require": {
                "php": ">=7.4.0"
            },
            "type": "library",
            "extra": {
                "branch-alias": {
                    "dev-master": "2.0.x-dev"
                }
            },
            "autoload": {
                "psr-4": {
                    "Psr\\Container\\": "src/"
                }
            },
            "notification-url": "https://packagist.org/downloads/",
            "license": [
                "MIT"
            ],
            "authors": [
                {
                    "name": "PHP-FIG",
                    "homepage": "https://www.php-fig.org/"
                }
            ],
            "description": "Common Container Interface (PHP FIG PSR-11)",
            "homepage": "https://github.com/php-fig/container",
            "keywords": [
                "PSR-11",
                "container",
                "container-interface",
                "container-interop",
                "psr"
            ],
            "support": {
                "issues": "https://github.com/php-fig/container/issues",
                "source": "https://github.com/php-fig/container/tree/2.0.2"
            },
            "time": "2021-11-05T16:47:00+00:00"
        }
    ],
    "packages-dev": [
        {
            "name": "laravel/serializable-closure",
            "version": "v1.3.3",
            "source": {
                "type": "git",
                "url": "https://github.com/laravel/serializable-closure.git",
                "reference": "3dbf8a8e914634c48d389c1234552666b3d43754"
            },
            "dist": {
                "type": "zip",
                "url": "https://api.github.com/repos/laravel/serializable-closure/zipball/3dbf8a8e914634c48d389c1234552666b3d43754",
                "reference": "3dbf8a8e914634c48d389c1234552666b3d43754",
                "shasum": ""
            },
            "require": {
                "php": "^7.3|^8.0"
            },
            "require-dev": {
                "nesbot/carbon": "^2.61",
                "pestphp/pest": "^1.21.3",
                "phpstan/phpstan": "^1.8.2",
                "symfony/var-dumper": "^5.4.11"
            },
            "type": "library",
            "extra": {
                "branch-alias": {
                    "dev-master": "1.x-dev"
                }
            },
            "autoload": {
                "psr-4": {
                    "Laravel\\SerializableClosure\\": "src/"
                }
            },
            "notification-url": "https://packagist.org/downloads/",
            "license": [
                "MIT"
            ],
            "authors": [
                {
                    "name": "Taylor Otwell",
                    "email": "taylor@laravel.com"
                },
                {
                    "name": "Nuno Maduro",
                    "email": "nuno@laravel.com"
                }
            ],
            "description": "Laravel Serializable Closure provides an easy and secure way to serialize closures in PHP.",
            "keywords": [
                "closure",
                "laravel",
                "serializable"
            ],
            "support": {
                "issues": "https://github.com/laravel/serializable-closure/issues",
                "source": "https://github.com/laravel/serializable-closure"
            },
            "time": "2023-11-08T14:08:06+00:00"
        },
        {
            "name": "mindplay/benchpress",
            "version": "0.1.0",
            "source": {
                "type": "git",
                "url": "https://github.com/mindplay-dk/benchpress.git",
                "reference": "e46935bb0c220ba2ecd6d32314f875f3d8511f16"
            },
            "dist": {
                "type": "zip",
                "url": "https://api.github.com/repos/mindplay-dk/benchpress/zipball/e46935bb0c220ba2ecd6d32314f875f3d8511f16",
                "reference": "e46935bb0c220ba2ecd6d32314f875f3d8511f16",
                "shasum": ""
            },
            "require": {
                "php": ">=5.3.0"
            },
            "type": "library",
            "autoload": {
                "psr-4": {
                    "mindplay\\benchpress\\": "src/"
                }
            },
            "notification-url": "https://packagist.org/downloads/",
            "license": [
                "LGPL-3.0+"
            ],
            "authors": [
                {
                    "name": "Rasmus Schultz",
                    "email": "rasmus@mindplay.dk"
                }
            ],
            "description": "A simple benchmark suite for PHP 5.3 and up",
            "support": {
                "issues": "https://github.com/mindplay-dk/benchpress/issues",
                "source": "https://github.com/mindplay-dk/benchpress/tree/master"
            },
            "time": "2016-08-07T13:44:25+00:00"
        },
        {
            "name": "mindplay/testies",
            "version": "1.1.2",
            "source": {
                "type": "git",
                "url": "https://github.com/mindplay-dk/testies.git",
                "reference": "c06cf38d3cf3d363e52419b48bd6cd218ebfb822"
            },
            "dist": {
                "type": "zip",
                "url": "https://api.github.com/repos/mindplay-dk/testies/zipball/c06cf38d3cf3d363e52419b48bd6cd218ebfb822",
                "reference": "c06cf38d3cf3d363e52419b48bd6cd218ebfb822",
                "shasum": ""
            },
            "require": {
                "php": "^8.0"
            },
            "require-dev": {
                "mindplay/readable": "^1.2",
                "nyholm/psr7": "^1.8",
                "phpunit/php-code-coverage": "^9 || ^10 || ^11",
                "zaphyr-org/http-client": "^1.0"
            },
            "suggest": {
                "phpunit/php-code-coverage": "^9 || ^10 || ^11"
            },
            "type": "library",
            "autoload": {
                "files": [
                    "src/test.func.php"
                ],
                "psr-4": {
                    "mindplay\\testies\\": "src/"
                }
            },
            "notification-url": "https://packagist.org/downloads/",
            "license": [
                "MIT"
            ],
            "authors": [
                {
                    "name": "Rasmus Schultz",
                    "email": "rasmus@mindplay.dk"
                }
            ],
            "description": "Yeah, testies: a lightweight library for quick, simple unit-testing",
            "support": {
                "issues": "https://github.com/mindplay-dk/testies/issues",
                "source": "https://github.com/mindplay-dk/testies/tree/1.1.2"
            },
            "time": "2024-03-10T15:15:26+00:00"
        },
        {
            "name": "nikic/php-parser",
            "version": "v5.0.2",
            "source": {
                "type": "git",
                "url": "https://github.com/nikic/PHP-Parser.git",
                "reference": "139676794dc1e9231bf7bcd123cfc0c99182cb13"
            },
            "dist": {
                "type": "zip",
                "url": "https://api.github.com/repos/nikic/PHP-Parser/zipball/139676794dc1e9231bf7bcd123cfc0c99182cb13",
                "reference": "139676794dc1e9231bf7bcd123cfc0c99182cb13",
                "shasum": ""
            },
            "require": {
                "ext-ctype": "*",
                "ext-json": "*",
                "ext-tokenizer": "*",
                "php": ">=7.4"
            },
            "require-dev": {
                "ircmaxell/php-yacc": "^0.0.7",
                "phpunit/phpunit": "^7.0 || ^8.0 || ^9.0"
            },
            "bin": [
                "bin/php-parse"
            ],
            "type": "library",
            "extra": {
                "branch-alias": {
                    "dev-master": "5.0-dev"
                }
            },
            "autoload": {
                "psr-4": {
                    "PhpParser\\": "lib/PhpParser"
                }
            },
            "notification-url": "https://packagist.org/downloads/",
            "license": [
                "BSD-3-Clause"
            ],
            "authors": [
                {
                    "name": "Nikita Popov"
                }
            ],
            "description": "A PHP parser written in PHP",
            "keywords": [
                "parser",
                "php"
            ],
            "support": {
                "issues": "https://github.com/nikic/PHP-Parser/issues",
                "source": "https://github.com/nikic/PHP-Parser/tree/v5.0.2"
            },
            "time": "2024-03-05T20:51:40+00:00"
        },
        {
            "name": "php-di/invoker",
            "version": "2.3.4",
            "source": {
                "type": "git",
                "url": "https://github.com/PHP-DI/Invoker.git",
                "reference": "33234b32dafa8eb69202f950a1fc92055ed76a86"
            },
            "dist": {
                "type": "zip",
                "url": "https://api.github.com/repos/PHP-DI/Invoker/zipball/33234b32dafa8eb69202f950a1fc92055ed76a86",
                "reference": "33234b32dafa8eb69202f950a1fc92055ed76a86",
                "shasum": ""
            },
            "require": {
                "php": ">=7.3",
                "psr/container": "^1.0|^2.0"
            },
            "require-dev": {
                "athletic/athletic": "~0.1.8",
                "mnapoli/hard-mode": "~0.3.0",
                "phpunit/phpunit": "^9.0"
            },
            "type": "library",
            "autoload": {
                "psr-4": {
                    "Invoker\\": "src/"
                }
            },
            "notification-url": "https://packagist.org/downloads/",
            "license": [
                "MIT"
            ],
            "description": "Generic and extensible callable invoker",
            "homepage": "https://github.com/PHP-DI/Invoker",
            "keywords": [
                "callable",
                "dependency",
                "dependency-injection",
                "injection",
                "invoke",
                "invoker"
            ],
            "support": {
                "issues": "https://github.com/PHP-DI/Invoker/issues",
                "source": "https://github.com/PHP-DI/Invoker/tree/2.3.4"
            },
            "funding": [
                {
                    "url": "https://github.com/mnapoli",
                    "type": "github"
                }
            ],
            "time": "2023-09-08T09:24:21+00:00"
        },
        {
            "name": "php-di/php-di",
            "version": "7.0.6",
            "source": {
                "type": "git",
                "url": "https://github.com/PHP-DI/PHP-DI.git",
                "reference": "8097948a89f6ec782839b3e958432f427cac37fd"
            },
            "dist": {
                "type": "zip",
                "url": "https://api.github.com/repos/PHP-DI/PHP-DI/zipball/8097948a89f6ec782839b3e958432f427cac37fd",
                "reference": "8097948a89f6ec782839b3e958432f427cac37fd",
                "shasum": ""
            },
            "require": {
                "laravel/serializable-closure": "^1.0",
                "php": ">=8.0",
                "php-di/invoker": "^2.0",
                "psr/container": "^1.1 || ^2.0"
            },
            "provide": {
                "psr/container-implementation": "^1.0"
            },
            "require-dev": {
                "friendsofphp/php-cs-fixer": "^3",
                "friendsofphp/proxy-manager-lts": "^1",
                "mnapoli/phpunit-easymock": "^1.3",
                "phpunit/phpunit": "^9.5",
                "vimeo/psalm": "^4.6"
            },
            "suggest": {
                "friendsofphp/proxy-manager-lts": "Install it if you want to use lazy injection (version ^1)"
            },
            "type": "library",
            "autoload": {
                "files": [
                    "src/functions.php"
                ],
                "psr-4": {
                    "DI\\": "src/"
                }
            },
            "notification-url": "https://packagist.org/downloads/",
            "license": [
                "MIT"
            ],
            "description": "The dependency injection container for humans",
            "homepage": "https://php-di.org/",
            "keywords": [
                "PSR-11",
                "container",
                "container-interop",
                "dependency injection",
                "di",
                "ioc",
                "psr11"
            ],
            "support": {
                "issues": "https://github.com/PHP-DI/PHP-DI/issues",
                "source": "https://github.com/PHP-DI/PHP-DI/tree/7.0.6"
            },
            "funding": [
                {
                    "url": "https://github.com/mnapoli",
                    "type": "github"
                },
                {
                    "url": "https://tidelift.com/funding/github/packagist/php-di/php-di",
                    "type": "tidelift"
                }
            ],
            "time": "2023-11-02T10:04:50+00:00"
        },
        {
            "name": "phpunit/php-code-coverage",
            "version": "11.0.2",
            "source": {
                "type": "git",
                "url": "https://github.com/sebastianbergmann/php-code-coverage.git",
                "reference": "9e0a298b4dc6438a1e70ac8e1b3ea4980ae5a09b"
            },
            "dist": {
                "type": "zip",
                "url": "https://api.github.com/repos/sebastianbergmann/php-code-coverage/zipball/9e0a298b4dc6438a1e70ac8e1b3ea4980ae5a09b",
                "reference": "9e0a298b4dc6438a1e70ac8e1b3ea4980ae5a09b",
                "shasum": ""
            },
            "require": {
                "ext-dom": "*",
                "ext-libxml": "*",
                "ext-xmlwriter": "*",
                "nikic/php-parser": "^5.0",
                "php": ">=8.2",
                "phpunit/php-file-iterator": "^5.0",
                "phpunit/php-text-template": "^4.0",
                "sebastian/code-unit-reverse-lookup": "^4.0",
                "sebastian/complexity": "^4.0",
                "sebastian/environment": "^7.0",
                "sebastian/lines-of-code": "^3.0",
                "sebastian/version": "^5.0",
                "theseer/tokenizer": "^1.2.0"
            },
            "require-dev": {
                "phpunit/phpunit": "^11.0"
            },
            "suggest": {
                "ext-pcov": "PHP extension that provides line coverage",
                "ext-xdebug": "PHP extension that provides line coverage as well as branch and path coverage"
            },
            "type": "library",
            "extra": {
                "branch-alias": {
                    "dev-main": "11.0-dev"
                }
            },
            "autoload": {
                "classmap": [
                    "src/"
                ]
            },
            "notification-url": "https://packagist.org/downloads/",
            "license": [
                "BSD-3-Clause"
            ],
            "authors": [
                {
                    "name": "Sebastian Bergmann",
                    "email": "sebastian@phpunit.de",
                    "role": "lead"
                }
            ],
            "description": "Library that provides collection, processing, and rendering functionality for PHP code coverage information.",
            "homepage": "https://github.com/sebastianbergmann/php-code-coverage",
            "keywords": [
                "coverage",
                "testing",
                "xunit"
            ],
            "support": {
                "issues": "https://github.com/sebastianbergmann/php-code-coverage/issues",
                "security": "https://github.com/sebastianbergmann/php-code-coverage/security/policy",
                "source": "https://github.com/sebastianbergmann/php-code-coverage/tree/11.0.2"
            },
            "funding": [
                {
                    "url": "https://github.com/sebastianbergmann",
                    "type": "github"
                }
            ],
            "time": "2024-03-09T16:56:49+00:00"
        },
        {
            "name": "phpunit/php-file-iterator",
            "version": "5.0.0",
            "source": {
                "type": "git",
                "url": "https://github.com/sebastianbergmann/php-file-iterator.git",
                "reference": "99e95c94ad9500daca992354fa09d7b99abe2210"
            },
            "dist": {
                "type": "zip",
                "url": "https://api.github.com/repos/sebastianbergmann/php-file-iterator/zipball/99e95c94ad9500daca992354fa09d7b99abe2210",
                "reference": "99e95c94ad9500daca992354fa09d7b99abe2210",
                "shasum": ""
            },
            "require": {
                "php": ">=8.2"
            },
            "require-dev": {
                "phpunit/phpunit": "^11.0"
            },
            "type": "library",
            "extra": {
                "branch-alias": {
                    "dev-main": "5.0-dev"
                }
            },
            "autoload": {
                "classmap": [
                    "src/"
                ]
            },
            "notification-url": "https://packagist.org/downloads/",
            "license": [
                "BSD-3-Clause"
            ],
            "authors": [
                {
                    "name": "Sebastian Bergmann",
                    "email": "sebastian@phpunit.de",
                    "role": "lead"
                }
            ],
            "description": "FilterIterator implementation that filters files based on a list of suffixes.",
            "homepage": "https://github.com/sebastianbergmann/php-file-iterator/",
            "keywords": [
                "filesystem",
                "iterator"
            ],
            "support": {
                "issues": "https://github.com/sebastianbergmann/php-file-iterator/issues",
                "security": "https://github.com/sebastianbergmann/php-file-iterator/security/policy",
                "source": "https://github.com/sebastianbergmann/php-file-iterator/tree/5.0.0"
            },
            "funding": [
                {
                    "url": "https://github.com/sebastianbergmann",
                    "type": "github"
                }
            ],
            "time": "2024-02-02T06:05:04+00:00"
        },
        {
            "name": "phpunit/php-text-template",
            "version": "4.0.0",
            "source": {
                "type": "git",
                "url": "https://github.com/sebastianbergmann/php-text-template.git",
                "reference": "d38f6cbff1cdb6f40b03c9811421561668cc133e"
            },
            "dist": {
                "type": "zip",
                "url": "https://api.github.com/repos/sebastianbergmann/php-text-template/zipball/d38f6cbff1cdb6f40b03c9811421561668cc133e",
                "reference": "d38f6cbff1cdb6f40b03c9811421561668cc133e",
                "shasum": ""
            },
            "require": {
                "php": ">=8.2"
            },
            "require-dev": {
                "phpunit/phpunit": "^11.0"
            },
            "type": "library",
            "extra": {
                "branch-alias": {
                    "dev-main": "4.0-dev"
                }
            },
            "autoload": {
                "classmap": [
                    "src/"
                ]
            },
            "notification-url": "https://packagist.org/downloads/",
            "license": [
                "BSD-3-Clause"
            ],
            "authors": [
                {
                    "name": "Sebastian Bergmann",
                    "email": "sebastian@phpunit.de",
                    "role": "lead"
                }
            ],
            "description": "Simple template engine.",
            "homepage": "https://github.com/sebastianbergmann/php-text-template/",
            "keywords": [
                "template"
            ],
            "support": {
                "issues": "https://github.com/sebastianbergmann/php-text-template/issues",
                "security": "https://github.com/sebastianbergmann/php-text-template/security/policy",
                "source": "https://github.com/sebastianbergmann/php-text-template/tree/4.0.0"
            },
            "funding": [
                {
                    "url": "https://github.com/sebastianbergmann",
                    "type": "github"
                }
            ],
            "time": "2024-02-02T06:06:56+00:00"
        },
        {
            "name": "pimple/pimple",
            "version": "v3.5.0",
            "source": {
                "type": "git",
                "url": "https://github.com/silexphp/Pimple.git",
                "reference": "a94b3a4db7fb774b3d78dad2315ddc07629e1bed"
            },
            "dist": {
                "type": "zip",
                "url": "https://api.github.com/repos/silexphp/Pimple/zipball/a94b3a4db7fb774b3d78dad2315ddc07629e1bed",
                "reference": "a94b3a4db7fb774b3d78dad2315ddc07629e1bed",
                "shasum": ""
            },
            "require": {
                "php": ">=7.2.5",
                "psr/container": "^1.1 || ^2.0"
            },
            "require-dev": {
                "symfony/phpunit-bridge": "^5.4@dev"
            },
            "type": "library",
            "extra": {
                "branch-alias": {
                    "dev-master": "3.4.x-dev"
                }
            },
            "autoload": {
                "psr-0": {
                    "Pimple": "src/"
                }
            },
            "notification-url": "https://packagist.org/downloads/",
            "license": [
                "MIT"
            ],
            "authors": [
                {
                    "name": "Fabien Potencier",
                    "email": "fabien@symfony.com"
                }
            ],
            "description": "Pimple, a simple Dependency Injection Container",
            "homepage": "https://pimple.symfony.com",
            "keywords": [
                "container",
                "dependency injection"
            ],
            "support": {
                "source": "https://github.com/silexphp/Pimple/tree/v3.5.0"
            },
            "time": "2021-10-28T11:13:42+00:00"
        },
        {
            "name": "sebastian/code-unit-reverse-lookup",
            "version": "4.0.0",
            "source": {
                "type": "git",
                "url": "https://github.com/sebastianbergmann/code-unit-reverse-lookup.git",
                "reference": "df80c875d3e459b45c6039e4d9b71d4fbccae25d"
            },
            "dist": {
                "type": "zip",
                "url": "https://api.github.com/repos/sebastianbergmann/code-unit-reverse-lookup/zipball/df80c875d3e459b45c6039e4d9b71d4fbccae25d",
                "reference": "df80c875d3e459b45c6039e4d9b71d4fbccae25d",
                "shasum": ""
            },
            "require": {
                "php": ">=8.2"
            },
            "require-dev": {
                "phpunit/phpunit": "^11.0"
            },
            "type": "library",
            "extra": {
                "branch-alias": {
                    "dev-main": "4.0-dev"
                }
            },
            "autoload": {
                "classmap": [
                    "src/"
                ]
            },
            "notification-url": "https://packagist.org/downloads/",
            "license": [
                "BSD-3-Clause"
            ],
            "authors": [
                {
                    "name": "Sebastian Bergmann",
                    "email": "sebastian@phpunit.de"
                }
            ],
            "description": "Looks up which function or method a line of code belongs to",
            "homepage": "https://github.com/sebastianbergmann/code-unit-reverse-lookup/",
            "support": {
                "issues": "https://github.com/sebastianbergmann/code-unit-reverse-lookup/issues",
                "security": "https://github.com/sebastianbergmann/code-unit-reverse-lookup/security/policy",
                "source": "https://github.com/sebastianbergmann/code-unit-reverse-lookup/tree/4.0.0"
            },
            "funding": [
                {
                    "url": "https://github.com/sebastianbergmann",
                    "type": "github"
                }
            ],
            "time": "2024-02-02T05:52:17+00:00"
        },
        {
            "name": "sebastian/complexity",
            "version": "4.0.0",
            "source": {
                "type": "git",
                "url": "https://github.com/sebastianbergmann/complexity.git",
                "reference": "88a434ad86150e11a606ac4866b09130712671f0"
            },
            "dist": {
                "type": "zip",
                "url": "https://api.github.com/repos/sebastianbergmann/complexity/zipball/88a434ad86150e11a606ac4866b09130712671f0",
                "reference": "88a434ad86150e11a606ac4866b09130712671f0",
                "shasum": ""
            },
            "require": {
                "nikic/php-parser": "^5.0",
                "php": ">=8.2"
            },
            "require-dev": {
                "phpunit/phpunit": "^11.0"
            },
            "type": "library",
            "extra": {
                "branch-alias": {
                    "dev-main": "4.0-dev"
                }
            },
            "autoload": {
                "classmap": [
                    "src/"
                ]
            },
            "notification-url": "https://packagist.org/downloads/",
            "license": [
                "BSD-3-Clause"
            ],
            "authors": [
                {
                    "name": "Sebastian Bergmann",
                    "email": "sebastian@phpunit.de",
                    "role": "lead"
                }
            ],
            "description": "Library for calculating the complexity of PHP code units",
            "homepage": "https://github.com/sebastianbergmann/complexity",
            "support": {
                "issues": "https://github.com/sebastianbergmann/complexity/issues",
                "security": "https://github.com/sebastianbergmann/complexity/security/policy",
                "source": "https://github.com/sebastianbergmann/complexity/tree/4.0.0"
            },
            "funding": [
                {
                    "url": "https://github.com/sebastianbergmann",
                    "type": "github"
                }
            ],
            "time": "2024-02-02T05:55:19+00:00"
        },
        {
            "name": "sebastian/environment",
            "version": "7.0.0",
            "source": {
                "type": "git",
                "url": "https://github.com/sebastianbergmann/environment.git",
                "reference": "100d8b855d7180f79f9a9a5c483f2d960581c3ea"
            },
            "dist": {
                "type": "zip",
                "url": "https://api.github.com/repos/sebastianbergmann/environment/zipball/100d8b855d7180f79f9a9a5c483f2d960581c3ea",
                "reference": "100d8b855d7180f79f9a9a5c483f2d960581c3ea",
                "shasum": ""
            },
            "require": {
                "php": ">=8.2"
            },
            "require-dev": {
                "phpunit/phpunit": "^11.0"
            },
            "suggest": {
                "ext-posix": "*"
            },
            "type": "library",
            "extra": {
                "branch-alias": {
                    "dev-main": "7.0-dev"
                }
            },
            "autoload": {
                "classmap": [
                    "src/"
                ]
            },
            "notification-url": "https://packagist.org/downloads/",
            "license": [
                "BSD-3-Clause"
            ],
            "authors": [
                {
                    "name": "Sebastian Bergmann",
                    "email": "sebastian@phpunit.de"
                }
            ],
            "description": "Provides functionality to handle HHVM/PHP environments",
            "homepage": "https://github.com/sebastianbergmann/environment",
            "keywords": [
                "Xdebug",
                "environment",
                "hhvm"
            ],
            "support": {
                "issues": "https://github.com/sebastianbergmann/environment/issues",
                "security": "https://github.com/sebastianbergmann/environment/security/policy",
                "source": "https://github.com/sebastianbergmann/environment/tree/7.0.0"
            },
            "funding": [
                {
                    "url": "https://github.com/sebastianbergmann",
                    "type": "github"
                }
            ],
            "time": "2024-02-02T05:57:54+00:00"
        },
        {
            "name": "sebastian/lines-of-code",
            "version": "3.0.0",
            "source": {
                "type": "git",
                "url": "https://github.com/sebastianbergmann/lines-of-code.git",
                "reference": "376c5b3f6b43c78fdc049740bca76a7c846706c0"
            },
            "dist": {
                "type": "zip",
                "url": "https://api.github.com/repos/sebastianbergmann/lines-of-code/zipball/376c5b3f6b43c78fdc049740bca76a7c846706c0",
                "reference": "376c5b3f6b43c78fdc049740bca76a7c846706c0",
                "shasum": ""
            },
            "require": {
                "nikic/php-parser": "^5.0",
                "php": ">=8.2"
            },
            "require-dev": {
                "phpunit/phpunit": "^11.0"
            },
            "type": "library",
            "extra": {
                "branch-alias": {
                    "dev-main": "3.0-dev"
                }
            },
            "autoload": {
                "classmap": [
                    "src/"
                ]
            },
            "notification-url": "https://packagist.org/downloads/",
            "license": [
                "BSD-3-Clause"
            ],
            "authors": [
                {
                    "name": "Sebastian Bergmann",
                    "email": "sebastian@phpunit.de",
                    "role": "lead"
                }
            ],
            "description": "Library for counting the lines of code in PHP source code",
            "homepage": "https://github.com/sebastianbergmann/lines-of-code",
            "support": {
                "issues": "https://github.com/sebastianbergmann/lines-of-code/issues",
                "security": "https://github.com/sebastianbergmann/lines-of-code/security/policy",
                "source": "https://github.com/sebastianbergmann/lines-of-code/tree/3.0.0"
            },
            "funding": [
                {
                    "url": "https://github.com/sebastianbergmann",
                    "type": "github"
                }
            ],
            "time": "2024-02-02T06:00:36+00:00"
        },
        {
            "name": "sebastian/version",
            "version": "5.0.0",
            "source": {
                "type": "git",
                "url": "https://github.com/sebastianbergmann/version.git",
                "reference": "13999475d2cb1ab33cb73403ba356a814fdbb001"
            },
            "dist": {
                "type": "zip",
                "url": "https://api.github.com/repos/sebastianbergmann/version/zipball/13999475d2cb1ab33cb73403ba356a814fdbb001",
                "reference": "13999475d2cb1ab33cb73403ba356a814fdbb001",
                "shasum": ""
            },
            "require": {
                "php": ">=8.2"
            },
            "type": "library",
            "extra": {
                "branch-alias": {
                    "dev-main": "5.0-dev"
                }
            },
            "autoload": {
                "classmap": [
                    "src/"
                ]
            },
            "notification-url": "https://packagist.org/downloads/",
            "license": [
                "BSD-3-Clause"
            ],
            "authors": [
                {
                    "name": "Sebastian Bergmann",
                    "email": "sebastian@phpunit.de",
                    "role": "lead"
                }
            ],
            "description": "Library that helps with managing the version number of Git-hosted PHP projects",
            "homepage": "https://github.com/sebastianbergmann/version",
            "support": {
                "issues": "https://github.com/sebastianbergmann/version/issues",
                "security": "https://github.com/sebastianbergmann/version/security/policy",
                "source": "https://github.com/sebastianbergmann/version/tree/5.0.0"
            },
            "funding": [
                {
                    "url": "https://github.com/sebastianbergmann",
                    "type": "github"
                }
            ],
            "time": "2024-02-02T06:10:47+00:00"
        },
        {
            "name": "theseer/tokenizer",
            "version": "1.2.3",
            "source": {
                "type": "git",
                "url": "https://github.com/theseer/tokenizer.git",
                "reference": "737eda637ed5e28c3413cb1ebe8bb52cbf1ca7a2"
            },
            "dist": {
                "type": "zip",
                "url": "https://api.github.com/repos/theseer/tokenizer/zipball/737eda637ed5e28c3413cb1ebe8bb52cbf1ca7a2",
                "reference": "737eda637ed5e28c3413cb1ebe8bb52cbf1ca7a2",
                "shasum": ""
            },
            "require": {
                "ext-dom": "*",
                "ext-tokenizer": "*",
                "ext-xmlwriter": "*",
                "php": "^7.2 || ^8.0"
            },
            "type": "library",
            "autoload": {
                "classmap": [
                    "src/"
                ]
            },
            "notification-url": "https://packagist.org/downloads/",
            "license": [
                "BSD-3-Clause"
            ],
            "authors": [
                {
                    "name": "Arne Blankerts",
                    "email": "arne@blankerts.de",
                    "role": "Developer"
                }
            ],
            "description": "A small library for converting tokenized PHP source code into XML and potentially other formats",
            "support": {
                "issues": "https://github.com/theseer/tokenizer/issues",
                "source": "https://github.com/theseer/tokenizer/tree/1.2.3"
            },
            "funding": [
                {
                    "url": "https://github.com/theseer",
                    "type": "github"
                }
            ],
            "time": "2024-03-03T12:36:25+00:00"
        }
    ],
    "aliases": [],
    "minimum-stability": "stable",
    "stability-flags": [],
    "prefer-stable": false,
    "prefer-lowest": false,
    "platform": {
        "php": "^8.0"
    },
    "platform-dev": [],
    "plugin-api-version": "2.6.0"
}
